
Microsoft Visual Studio Solution File, Format Version 12.00
# Visual Studio Version 17
VisualStudioVersion = 17.1.32421.90
MinimumVisualStudioVersion = 10.0.40219.1
Project("{2150E333-8FDC-42A3-9474-1A3956D46DE8}") = "Solution Items", "Solution Items", "{A5C4FBF5-B221-4FEA-B5F1-753620C26A0C}"
	ProjectSection(SolutionItems) = preProject
		..\..\..\OneDrive - University of Tennessee\OIT HelpDesk\Dev\JS\SLD-injector.user.js = ..\..\..\OneDrive - University of Tennessee\OIT HelpDesk\Dev\JS\SLD-injector.user.js
	EndProjectSection
EndProject
Project("{E24C65DC-7377-472B-9ABA-BC803B73C61A}") = "SafeLink Decoder", ".", "{E9E67AB3-B72B-40C2-89D6-38E545AAF92E}"
	ProjectSection(WebsiteProperties) = preProject
		TargetFrameworkMoniker = ".NETFramework,Version%3Dv4.8"
		Debug.AspNetCompiler.VirtualPath = "/localhost_62418"
		Debug.AspNetCompiler.PhysicalPath = "..\SafeLink Decoder\"
		Debug.AspNetCompiler.TargetPath = "PrecompiledWeb\localhost_62418\"
		Debug.AspNetCompiler.Updateable = "true"
		Debug.AspNetCompiler.ForceOverwrite = "true"
		Debug.AspNetCompiler.FixedNames = "false"
		Debug.AspNetCompiler.Debug = "True"
		Release.AspNetCompiler.VirtualPath = "/localhost_62418"
		Release.AspNetCompiler.PhysicalPath = "..\SafeLink Decoder\"
		Release.AspNetCompiler.TargetPath = "PrecompiledWeb\localhost_62418\"
		Release.AspNetCompiler.Updateable = "true"
		Release.AspNetCompiler.ForceOverwrite = "true"
		Release.AspNetCompiler.FixedNames = "false"
		Release.AspNetCompiler.Debug = "False"
		VWDPort = "62418"
	EndProjectSection
EndProject
Global
	GlobalSection(SolutionConfigurationPlatforms) = preSolution
		Debug|Any CPU = Debug|Any CPU
	EndGlobalSection
	GlobalSection(ProjectConfigurationPlatforms) = postSolution
		{E9E67AB3-B72B-40C2-89D6-38E545AAF92E}.Debug|Any CPU.ActiveCfg = Debug|Any CPU
		{E9E67AB3-B72B-40C2-89D6-38E545AAF92E}.Debug|Any CPU.Build.0 = Debug|Any CPU
	EndGlobalSection
	GlobalSection(SolutionProperties) = preSolution
		HideSolutionNode = FALSE
	EndGlobalSection
	GlobalSection(NestedProjects) = preSolution
		{E9E67AB3-B72B-40C2-89D6-38E545AAF92E} = {A5C4FBF5-B221-4FEA-B5F1-753620C26A0C}
	EndGlobalSection
	GlobalSection(ExtensibilityGlobals) = postSolution
		SolutionGuid = {26C94574-B304-4690-BE83-6FD7C985E206}
	EndGlobalSection
EndGlobal
